
Microsoft Visual Studio Solution File, Format Version 12.00
# Visual Studio Version 17
VisualStudioVersion = 17.2.32519.379
MinimumVisualStudioVersion = 10.0.40219.1
Project("{FAE04EC0-301F-11D3-BF4B-00C04F79EFBC}") = "ConsoleApp1Slett9999", "ConsoleApp1Slett9999\ConsoleApp1Slett9999.csproj", "{CC3B1211-147F-426B-8864-6938851E3128}"
EndProject
Global
	GlobalSection(SolutionConfigurationPlatforms) = preSolution
		Debug|Any CPU = Debug|Any CPU
		Release|Any CPU = Release|Any CPU
	EndGlobalSection
	GlobalSection(ProjectConfigurationPlatforms) = postSolution
		{CC3B1211-147F-426B-8864-6938851E3128}.Debug|Any CPU.ActiveCfg = Debug|Any CPU
		{CC3B1211-147F-426B-8864-6938851E3128}.Debug|Any CPU.Build.0 = Debug|Any CPU
		{CC3B1211-147F-426B-8864-6938851E3128}.Release|Any CPU.ActiveCfg = Release|Any CPU
		{CC3B1211-147F-426B-8864-6938851E3128}.Release|Any CPU.Build.0 = Release|Any CPU
	EndGlobalSection
	GlobalSection(SolutionProperties) = preSolution
		HideSolutionNode = FALSE
	EndGlobalSection
	GlobalSection(ExtensibilityGlobals) = postSolution
		SolutionGuid = {BF670F5D-6640-4017-8261-7DD23857EB86}
	EndGlobalSection
EndGlobal
